// !$*UTF8*$!
{
	archiveVersion = 1;
	classes = {
	};
	objectVersion = 46;
	objects = {

/* Begin PBXBuildFile section */
		4442A22C1BA9CF5F0086550A /* SIFiguresViewController.swift in Sources */ = {isa = PBXBuildFile; fileRef = 4442A22B1BA9CF5F0086550A /* SIFiguresViewController.swift */; };
		4442A22E1BAAC2340086550A /* SIOptionChooserViewController.swift in Sources */ = {isa = PBXBuildFile; fileRef = 4442A22D1BAAC2340086550A /* SIOptionChooserViewController.swift */; };
		4482C5A21BA9804F0086CA87 /* AppDelegate.swift in Sources */ = {isa = PBXBuildFile; fileRef = 4482C5A11BA9804F0086CA87 /* AppDelegate.swift */; };
		4482C5A71BA9804F0086CA87 /* Main.storyboard in Resources */ = {isa = PBXBuildFile; fileRef = 4482C5A51BA9804F0086CA87 /* Main.storyboard */; };
		4482C5A91BA9804F0086CA87 /* Images.xcassets in Resources */ = {isa = PBXBuildFile; fileRef = 4482C5A81BA9804F0086CA87 /* Images.xcassets */; };
		4482C5AC1BA9804F0086CA87 /* LaunchScreen.xib in Resources */ = {isa = PBXBuildFile; fileRef = 4482C5AA1BA9804F0086CA87 /* LaunchScreen.xib */; };
		4482C5C91BA986910086CA87 /* SIMainScreenViewController.swift in Sources */ = {isa = PBXBuildFile; fileRef = 4482C5C81BA986910086CA87 /* SIMainScreenViewController.swift */; };
		4482C5CB1BA990250086CA87 /* SIBaseViewController.swift in Sources */ = {isa = PBXBuildFile; fileRef = 4482C5CA1BA990250086CA87 /* SIBaseViewController.swift */; };
		4482C5CF1BA9B3800086CA87 /* SIConstants.swift in Sources */ = {isa = PBXBuildFile; fileRef = 4482C5CE1BA9B3800086CA87 /* SIConstants.swift */; };
		4482C5D11BA9B4640086CA87 /* SITableViewCellExtensions.swift in Sources */ = {isa = PBXBuildFile; fileRef = 4482C5D01BA9B4640086CA87 /* SITableViewCellExtensions.swift */; };
		44AB4B3A1BAC2B3300411351 /* SIOtherExamplesController.swift in Sources */ = {isa = PBXBuildFile; fileRef = 44AB4B391BAC2B3300411351 /* SIOtherExamplesController.swift */; settings = {ASSET_TAGS = (); }; };
		44B3C20C1BAC0E0C005B3266 /* SIPropertiesAndSubscriptsExample.swift in Sources */ = {isa = PBXBuildFile; fileRef = 44B3C20B1BAC0E0C005B3266 /* SIPropertiesAndSubscriptsExample.swift */; };
		44B3C20E1BAC0F76005B3266 /* SIReferencesExample.swift in Sources */ = {isa = PBXBuildFile; fileRef = 44B3C20D1BAC0F76005B3266 /* SIReferencesExample.swift */; };
		44B3C2101BAC0FA1005B3266 /* SIInitializersExample.swift in Sources */ = {isa = PBXBuildFile; fileRef = 44B3C20F1BAC0FA1005B3266 /* SIInitializersExample.swift */; };
		44B3C2121BAC0FAD005B3266 /* SICyclesExample.swift in Sources */ = {isa = PBXBuildFile; fileRef = 44B3C2111BAC0FAD005B3266 /* SICyclesExample.swift */; };
/* End PBXBuildFile section */

/* Begin PBXFileReference section */
		4442A22B1BA9CF5F0086550A /* SIFiguresViewController.swift */ = {isa = PBXFileReference; fileEncoding = 4; lastKnownFileType = sourcecode.swift; path = SIFiguresViewController.swift; sourceTree = "<group>"; };
		4442A22D1BAAC2340086550A /* SIOptionChooserViewController.swift */ = {isa = PBXFileReference; fileEncoding = 4; lastKnownFileType = sourcecode.swift; path = SIOptionChooserViewController.swift; sourceTree = "<group>"; };
		4482C59C1BA9804F0086CA87 /* SwiftIntroduction.app */ = {isa = PBXFileReference; explicitFileType = wrapper.application; includeInIndex = 0; path = SwiftIntroduction.app; sourceTree = BUILT_PRODUCTS_DIR; };
		4482C5A01BA9804F0086CA87 /* Info.plist */ = {isa = PBXFileReference; lastKnownFileType = text.plist.xml; path = Info.plist; sourceTree = "<group>"; };
		4482C5A11BA9804F0086CA87 /* AppDelegate.swift */ = {isa = PBXFileReference; lastKnownFileType = sourcecode.swift; path = AppDelegate.swift; sourceTree = "<group>"; };
		4482C5A61BA9804F0086CA87 /* Base */ = {isa = PBXFileReference; lastKnownFileType = file.storyboard; name = Base; path = Base.lproj/Main.storyboard; sourceTree = "<group>"; };
		4482C5A81BA9804F0086CA87 /* Images.xcassets */ = {isa = PBXFileReference; lastKnownFileType = folder.assetcatalog; path = Images.xcassets; sourceTree = "<group>"; };
		4482C5AB1BA9804F0086CA87 /* Base */ = {isa = PBXFileReference; lastKnownFileType = file.xib; name = Base; path = Base.lproj/LaunchScreen.xib; sourceTree = "<group>"; };
		4482C5C81BA986910086CA87 /* SIMainScreenViewController.swift */ = {isa = PBXFileReference; fileEncoding = 4; lastKnownFileType = sourcecode.swift; path = SIMainScreenViewController.swift; sourceTree = "<group>"; };
		4482C5CA1BA990250086CA87 /* SIBaseViewController.swift */ = {isa = PBXFileReference; fileEncoding = 4; lastKnownFileType = sourcecode.swift; path = SIBaseViewController.swift; sourceTree = "<group>"; };
		4482C5CE1BA9B3800086CA87 /* SIConstants.swift */ = {isa = PBXFileReference; fileEncoding = 4; lastKnownFileType = sourcecode.swift; path = SIConstants.swift; sourceTree = "<group>"; };
		4482C5D01BA9B4640086CA87 /* SITableViewCellExtensions.swift */ = {isa = PBXFileReference; fileEncoding = 4; lastKnownFileType = sourcecode.swift; path = SITableViewCellExtensions.swift; sourceTree = "<group>"; };
		44AB4B391BAC2B3300411351 /* SIOtherExamplesController.swift */ = {isa = PBXFileReference; fileEncoding = 4; lastKnownFileType = sourcecode.swift; path = SIOtherExamplesController.swift; sourceTree = "<group>"; };
		44B3C20B1BAC0E0C005B3266 /* SIPropertiesAndSubscriptsExample.swift */ = {isa = PBXFileReference; fileEncoding = 4; lastKnownFileType = sourcecode.swift; path = SIPropertiesAndSubscriptsExample.swift; sourceTree = "<group>"; };
		44B3C20D1BAC0F76005B3266 /* SIReferencesExample.swift */ = {isa = PBXFileReference; fileEncoding = 4; lastKnownFileType = sourcecode.swift; path = SIReferencesExample.swift; sourceTree = "<group>"; };
		44B3C20F1BAC0FA1005B3266 /* SIInitializersExample.swift */ = {isa = PBXFileReference; fileEncoding = 4; lastKnownFileType = sourcecode.swift; path = SIInitializersExample.swift; sourceTree = "<group>"; };
		44B3C2111BAC0FAD005B3266 /* SICyclesExample.swift */ = {isa = PBXFileReference; fileEncoding = 4; lastKnownFileType = sourcecode.swift; path = SICyclesExample.swift; sourceTree = "<group>"; };
/* End PBXFileReference section */

/* Begin PBXFrameworksBuildPhase section */
		4482C5991BA9804F0086CA87 /* Frameworks */ = {
			isa = PBXFrameworksBuildPhase;
			buildActionMask = 2147483647;
			files = (
			);
			runOnlyForDeploymentPostprocessing = 0;
		};
/* End PBXFrameworksBuildPhase section */

/* Begin PBXGroup section */
		4482C5931BA9804E0086CA87 = {
			isa = PBXGroup;
			children = (
				4482C59E1BA9804F0086CA87 /* SwiftIntroduction */,
				4482C59D1BA9804F0086CA87 /* Products */,
			);
			sourceTree = "<group>";
		};
		4482C59D1BA9804F0086CA87 /* Products */ = {
			isa = PBXGroup;
			children = (
				4482C59C1BA9804F0086CA87 /* SwiftIntroduction.app */,
			);
			name = Products;
			sourceTree = "<group>";
		};
		4482C59E1BA9804F0086CA87 /* SwiftIntroduction */ = {
			isa = PBXGroup;
			children = (
				4482C5CD1BA9B34F0086CA87 /* Constants */,
				4482C5C11BA986030086CA87 /* Examples */,
				4482C5C21BA986030086CA87 /* Model */,
				4482C5C31BA986030086CA87 /* View */,
				4482C5C41BA986030086CA87 /* ViewController */,
				4482C5CC1BA9B25E0086CA87 /* Extension */,
				4482C5A11BA9804F0086CA87 /* AppDelegate.swift */,
				4482C5A51BA9804F0086CA87 /* Main.storyboard */,
				4482C5A81BA9804F0086CA87 /* Images.xcassets */,
				4482C5AA1BA9804F0086CA87 /* LaunchScreen.xib */,
				4482C59F1BA9804F0086CA87 /* Supporting Files */,
			);
			path = SwiftIntroduction;
			sourceTree = "<group>";
		};
		4482C59F1BA9804F0086CA87 /* Supporting Files */ = {
			isa = PBXGroup;
			children = (
				4482C5A01BA9804F0086CA87 /* Info.plist */,
			);
			name = "Supporting Files";
			sourceTree = "<group>";
		};
		4482C5C11BA986030086CA87 /* Examples */ = {
			isa = PBXGroup;
			children = (
				44B3C20B1BAC0E0C005B3266 /* SIPropertiesAndSubscriptsExample.swift */,
				44B3C20D1BAC0F76005B3266 /* SIReferencesExample.swift */,
				44B3C20F1BAC0FA1005B3266 /* SIInitializersExample.swift */,
				44B3C2111BAC0FAD005B3266 /* SICyclesExample.swift */,
			);
			path = Examples;
			sourceTree = "<group>";
		};
		4482C5C21BA986030086CA87 /* Model */ = {
			isa = PBXGroup;
			children = (
			);
			path = Model;
			sourceTree = "<group>";
		};
		4482C5C31BA986030086CA87 /* View */ = {
			isa = PBXGroup;
			children = (
			);
			path = View;
			sourceTree = "<group>";
		};
		4482C5C41BA986030086CA87 /* ViewController */ = {
			isa = PBXGroup;
			children = (
				4482C5CA1BA990250086CA87 /* SIBaseViewController.swift */,
				4482C5C81BA986910086CA87 /* SIMainScreenViewController.swift */,
				4442A22B1BA9CF5F0086550A /* SIFiguresViewController.swift */,
				4442A22D1BAAC2340086550A /* SIOptionChooserViewController.swift */,
				44AB4B391BAC2B3300411351 /* SIOtherExamplesController.swift */,
			);
			path = ViewController;
			sourceTree = "<group>";
		};
		4482C5CC1BA9B25E0086CA87 /* Extension */ = {
			isa = PBXGroup;
			children = (
				4482C5D01BA9B4640086CA87 /* SITableViewCellExtensions.swift */,
			);
			path = Extension;
			sourceTree = "<group>";
		};
		4482C5CD1BA9B34F0086CA87 /* Constants */ = {
			isa = PBXGroup;
			children = (
				4482C5CE1BA9B3800086CA87 /* SIConstants.swift */,
			);
			path = Constants;
			sourceTree = "<group>";
		};
/* End PBXGroup section */

/* Begin PBXNativeTarget section */
		4482C59B1BA9804F0086CA87 /* SwiftIntroduction */ = {
			isa = PBXNativeTarget;
			buildConfigurationList = 4482C5BB1BA9804F0086CA87 /* Build configuration list for PBXNativeTarget "SwiftIntroduction" */;
			buildPhases = (
				4482C5981BA9804F0086CA87 /* Sources */,
				4482C5991BA9804F0086CA87 /* Frameworks */,
				4482C59A1BA9804F0086CA87 /* Resources */,
			);
			buildRules = (
			);
			dependencies = (
			);
			name = SwiftIntroduction;
			productName = SwiftIntroduction;
			productReference = 4482C59C1BA9804F0086CA87 /* SwiftIntroduction.app */;
			productType = "com.apple.product-type.application";
		};
/* End PBXNativeTarget section */

/* Begin PBXProject section */
		4482C5941BA9804F0086CA87 /* Project object */ = {
			isa = PBXProject;
			attributes = {
				CLASSPREFIX = SI;
				LastSwiftMigration = 0700;
				LastSwiftUpdateCheck = 0700;
				LastUpgradeCheck = 0700;
				ORGANIZATIONNAME = "Applikey Solutions";
				TargetAttributes = {
					4482C59B1BA9804F0086CA87 = {
						CreatedOnToolsVersion = 6.3.1;
					};
				};
			};
			buildConfigurationList = 4482C5971BA9804F0086CA87 /* Build configuration list for PBXProject "SwiftIntroduction" */;
			compatibilityVersion = "Xcode 3.2";
			developmentRegion = English;
			hasScannedForEncodings = 0;
			knownRegions = (
				en,
				Base,
			);
			mainGroup = 4482C5931BA9804E0086CA87;
			productRefGroup = 4482C59D1BA9804F0086CA87 /* Products */;
			projectDirPath = "";
			projectRoot = "";
			targets = (
				4482C59B1BA9804F0086CA87 /* SwiftIntroduction */,
			);
		};
/* End PBXProject section */

/* Begin PBXResourcesBuildPhase section */
		4482C59A1BA9804F0086CA87 /* Resources */ = {
			isa = PBXResourcesBuildPhase;
			buildActionMask = 2147483647;
			files = (
				4482C5A71BA9804F0086CA87 /* Main.storyboard in Resources */,
				4482C5AC1BA9804F0086CA87 /* LaunchScreen.xib in Resources */,
				4482C5A91BA9804F0086CA87 /* Images.xcassets in Resources */,
			);
			runOnlyForDeploymentPostprocessing = 0;
		};
/* End PBXResourcesBuildPhase section */

/* Begin PBXSourcesBuildPhase section */
		4482C5981BA9804F0086CA87 /* Sources */ = {
			isa = PBXSourcesBuildPhase;
			buildActionMask = 2147483647;
			files = (
				4442A22C1BA9CF5F0086550A /* SIFiguresViewController.swift in Sources */,
				44B3C2101BAC0FA1005B3266 /* SIInitializersExample.swift in Sources */,
				4482C5D11BA9B4640086CA87 /* SITableViewCellExtensions.swift in Sources */,
				4442A22E1BAAC2340086550A /* SIOptionChooserViewController.swift in Sources */,
				44B3C20C1BAC0E0C005B3266 /* SIPropertiesAndSubscriptsExample.swift in Sources */,
				4482C5CB1BA990250086CA87 /* SIBaseViewController.swift in Sources */,
				4482C5CF1BA9B3800086CA87 /* SIConstants.swift in Sources */,
				44AB4B3A1BAC2B3300411351 /* SIOtherExamplesController.swift in Sources */,
				4482C5C91BA986910086CA87 /* SIMainScreenViewController.swift in Sources */,
				4482C5A21BA9804F0086CA87 /* AppDelegate.swift in Sources */,
				44B3C20E1BAC0F76005B3266 /* SIReferencesExample.swift in Sources */,
				44B3C2121BAC0FAD005B3266 /* SICyclesExample.swift in Sources */,
			);
			runOnlyForDeploymentPostprocessing = 0;
		};
/* End PBXSourcesBuildPhase section */

/* Begin PBXVariantGroup section */
		4482C5A51BA9804F0086CA87 /* Main.storyboard */ = {
			isa = PBXVariantGroup;
			children = (
				4482C5A61BA9804F0086CA87 /* Base */,
			);
			name = Main.storyboard;
			sourceTree = "<group>";
		};
		4482C5AA1BA9804F0086CA87 /* LaunchScreen.xib */ = {
			isa = PBXVariantGroup;
			children = (
				4482C5AB1BA9804F0086CA87 /* Base */,
			);
			name = LaunchScreen.xib;
			sourceTree = "<group>";
		};
/* End PBXVariantGroup section */

/* Begin XCBuildConfiguration section */
		4482C5B91BA9804F0086CA87 /* Debug */ = {
			isa = XCBuildConfiguration;
			buildSettings = {
				ALWAYS_SEARCH_USER_PATHS = NO;
				CLANG_CXX_LANGUAGE_STANDARD = "gnu++0x";
				CLANG_CXX_LIBRARY = "libc++";
				CLANG_ENABLE_MODULES = YES;
				CLANG_ENABLE_OBJC_ARC = YES;
				CLANG_WARN_BOOL_CONVERSION = YES;
				CLANG_WARN_CONSTANT_CONVERSION = YES;
				CLANG_WARN_DIRECT_OBJC_ISA_USAGE = YES_ERROR;
				CLANG_WARN_EMPTY_BODY = YES;
				CLANG_WARN_ENUM_CONVERSION = YES;
				CLANG_WARN_INT_CONVERSION = YES;
				CLANG_WARN_OBJC_ROOT_CLASS = YES_ERROR;
				CLANG_WARN_UNREACHABLE_CODE = YES;
				CLANG_WARN__DUPLICATE_METHOD_MATCH = YES;
				"CODE_SIGN_IDENTITY[sdk=iphoneos*]" = "iPhone Developer";
				COPY_PHASE_STRIP = NO;
				DEBUG_INFORMATION_FORMAT = "dwarf-with-dsym";
				ENABLE_STRICT_OBJC_MSGSEND = YES;
				ENABLE_TESTABILITY = YES;
				GCC_C_LANGUAGE_STANDARD = gnu99;
				GCC_DYNAMIC_NO_PIC = NO;
				GCC_NO_COMMON_BLOCKS = YES;
				GCC_OPTIMIZATION_LEVEL = 0;
				GCC_PREPROCESSOR_DEFINITIONS = (
					"DEBUG=1",
					"$(inherited)",
				);
				GCC_SYMBOLS_PRIVATE_EXTERN = NO;
				GCC_WARN_64_TO_32_BIT_CONVERSION = YES;
				GCC_WARN_ABOUT_RETURN_TYPE = YES_ERROR;
				GCC_WARN_UNDECLARED_SELECTOR = YES;
				GCC_WARN_UNINITIALIZED_AUTOS = YES_AGGRESSIVE;
				GCC_WARN_UNUSED_FUNCTION = YES;
				GCC_WARN_UNUSED_VARIABLE = YES;
				IPHONEOS_DEPLOYMENT_TARGET = 8.3;
				MTL_ENABLE_DEBUG_INFO = YES;
				ONLY_ACTIVE_ARCH = YES;
				SDKROOT = iphoneos;
				SWIFT_OPTIMIZATION_LEVEL = "-Onone";
			};
			name = Debug;
		};
		4482C5BA1BA9804F0086CA87 /* Release */ = {
			isa = XCBuildConfiguration;
			buildSettings = {
				ALWAYS_SEARCH_USER_PATHS = NO;
				CLANG_CXX_LANGUAGE_STANDARD = "gnu++0x";
				CLANG_CXX_LIBRARY = "libc++";
				CLANG_ENABLE_MODULES = YES;
				CLANG_ENABLE_OBJC_ARC = YES;
				CLANG_WARN_BOOL_CONVERSION = YES;
				CLANG_WARN_CONSTANT_CONVERSION = YES;
				CLANG_WARN_DIRECT_OBJC_ISA_USAGE = YES_ERROR;
				CLANG_WARN_EMPTY_BODY = YES;
				CLANG_WARN_ENUM_CONVERSION = YES;
				CLANG_WARN_INT_CONVERSION = YES;
				CLANG_WARN_OBJC_ROOT_CLASS = YES_ERROR;
				CLANG_WARN_UNREACHABLE_CODE = YES;
				CLANG_WARN__DUPLICATE_METHOD_MATCH = YES;
				"CODE_SIGN_IDENTITY[sdk=iphoneos*]" = "iPhone Developer";
				COPY_PHASE_STRIP = NO;
				DEBUG_INFORMATION_FORMAT = "dwarf-with-dsym";
				ENABLE_NS_ASSERTIONS = NO;
				ENABLE_STRICT_OBJC_MSGSEND = YES;
				GCC_C_LANGUAGE_STANDARD = gnu99;
				GCC_NO_COMMON_BLOCKS = YES;
				GCC_WARN_64_TO_32_BIT_CONVERSION = YES;
				GCC_WARN_ABOUT_RETURN_TYPE = YES_ERROR;
				GCC_WARN_UNDECLARED_SELECTOR = YES;
				GCC_WARN_UNINITIALIZED_AUTOS = YES_AGGRESSIVE;
				GCC_WARN_UNUSED_FUNCTION = YES;
				GCC_WARN_UNUSED_VARIABLE = YES;
				IPHONEOS_DEPLOYMENT_TARGET = 8.3;
				MTL_ENABLE_DEBUG_INFO = NO;
				SDKROOT = iphoneos;
				VALIDATE_PRODUCT = YES;
			};
			name = Release;
		};
		4482C5BC1BA9804F0086CA87 /* Debug */ = {
			isa = XCBuildConfiguration;
			buildSettings = {
				ASSETCATALOG_COMPILER_APPICON_NAME = AppIcon;
				INFOPLIST_FILE = SwiftIntroduction/Info.plist;
				LD_RUNPATH_SEARCH_PATHS = "$(inherited) @executable_path/Frameworks";
				PRODUCT_BUNDLE_IDENTIFIER = "com.applikeysolutions.$(PRODUCT_NAME:rfc1034identifier)";
				PRODUCT_NAME = "$(TARGET_NAME)";
			};
			name = Debug;
		};
		4482C5BD1BA9804F0086CA87 /* Release */ = {
			isa = XCBuildConfiguration;
			buildSettings = {
				ASSETCATALOG_COMPILER_APPICON_NAME = AppIcon;
				INFOPLIST_FILE = SwiftIntroduction/Info.plist;
				LD_RUNPATH_SEARCH_PATHS = "$(inherited) @executable_path/Frameworks";
				PRODUCT_BUNDLE_IDENTIFIER = "com.applikeysolutions.$(PRODUCT_NAME:rfc1034identifier)";
				PRODUCT_NAME = "$(TARGET_NAME)";
			};
			name = Release;
		};
/* End XCBuildConfiguration section */

/* Begin XCConfigurationList section */
		4482C5971BA9804F0086CA87 /* Build configuration list for PBXProject "SwiftIntroduction" */ = {
			isa = XCConfigurationList;
			buildConfigurations = (
				4482C5B91BA9804F0086CA87 /* Debug */,
				4482C5BA1BA9804F0086CA87 /* Release */,
			);
			defaultConfigurationIsVisible = 0;
			defaultConfigurationName = Release;
		};
		4482C5BB1BA9804F0086CA87 /* Build configuration list for PBXNativeTarget "SwiftIntroduction" */ = {
			isa = XCConfigurationList;
			buildConfigurations = (
				4482C5BC1BA9804F0086CA87 /* Debug */,
				4482C5BD1BA9804F0086CA87 /* Release */,
			);
			defaultConfigurationIsVisible = 0;
			defaultConfigurationName = Release;
		};
/* End XCConfigurationList section */
	};
	rootObject = 4482C5941BA9804F0086CA87 /* Project object */;
}
